
Microsoft Visual Studio Solution File, Format Version 12.00
# Visual Studio Version 17
VisualStudioVersion = 17.7.34009.444
MinimumVisualStudioVersion = 10.0.40219.1
Project("{FAE04EC0-301F-11D3-BF4B-00C04F79EFBC}") = "SkottårKalkylator", "Skottår Kalkylator\SkottårKalkylator.csproj", "{55E3DD9E-7AE3-4543-8829-418A69833A24}"
EndProject
Project("{FAE04EC0-301F-11D3-BF4B-00C04F79EFBC}") = "SkottårTest", "Skottår Test\SkottårTest.csproj", "{14295BF0-C5D2-441C-B9AA-CB4AC47918FE}"
EndProject
Global
	GlobalSection(SolutionConfigurationPlatforms) = preSolution
		Debug|Any CPU = Debug|Any CPU
		Release|Any CPU = Release|Any CPU
	EndGlobalSection
	GlobalSection(ProjectConfigurationPlatforms) = postSolution
		{55E3DD9E-7AE3-4543-8829-418A69833A24}.Debug|Any CPU.ActiveCfg = Debug|Any CPU
		{55E3DD9E-7AE3-4543-8829-418A69833A24}.Debug|Any CPU.Build.0 = Debug|Any CPU
		{55E3DD9E-7AE3-4543-8829-418A69833A24}.Release|Any CPU.ActiveCfg = Release|Any CPU
		{55E3DD9E-7AE3-4543-8829-418A69833A24}.Release|Any CPU.Build.0 = Release|Any CPU
		{14295BF0-C5D2-441C-B9AA-CB4AC47918FE}.Debug|Any CPU.ActiveCfg = Debug|Any CPU
		{14295BF0-C5D2-441C-B9AA-CB4AC47918FE}.Debug|Any CPU.Build.0 = Debug|Any CPU
		{14295BF0-C5D2-441C-B9AA-CB4AC47918FE}.Release|Any CPU.ActiveCfg = Release|Any CPU
		{14295BF0-C5D2-441C-B9AA-CB4AC47918FE}.Release|Any CPU.Build.0 = Release|Any CPU
	EndGlobalSection
	GlobalSection(SolutionProperties) = preSolution
		HideSolutionNode = FALSE
	EndGlobalSection
	GlobalSection(ExtensibilityGlobals) = postSolution
		SolutionGuid = {72CC3E5C-FC33-4763-A624-92C9D2C0A758}
	EndGlobalSection
EndGlobal
